
Microsoft Visual Studio Solution File, Format Version 12.00
# Visual Studio Version 16
VisualStudioVersion = 16.0.29123.88
MinimumVisualStudioVersion = 10.0.40219.1
Project("{FAE04EC0-301F-11D3-BF4B-00C04F79EFBC}") = "RjCode", "RjCode\RjCode.csproj", "{54ECA0AD-1E6F-4BAB-A155-426AD9BB256D}"
EndProject
Global
	GlobalSection(SolutionConfigurationPlatforms) = preSolution
		Debug|Any CPU = Debug|Any CPU
		Release|Any CPU = Release|Any CPU
	EndGlobalSection
	GlobalSection(ProjectConfigurationPlatforms) = postSolution
		{54ECA0AD-1E6F-4BAB-A155-426AD9BB256D}.Debug|Any CPU.ActiveCfg = Debug|Any CPU
		{54ECA0AD-1E6F-4BAB-A155-426AD9BB256D}.Debug|Any CPU.Build.0 = Debug|Any CPU
		{54ECA0AD-1E6F-4BAB-A155-426AD9BB256D}.Release|Any CPU.ActiveCfg = Release|Any CPU
		{54ECA0AD-1E6F-4BAB-A155-426AD9BB256D}.Release|Any CPU.Build.0 = Release|Any CPU
	EndGlobalSection
	GlobalSection(SolutionProperties) = preSolution
		HideSolutionNode = FALSE
	EndGlobalSection
	GlobalSection(ExtensibilityGlobals) = postSolution
		SolutionGuid = {5C6A111E-8B33-4A6D-A823-99A9FD8A6C3F}
	EndGlobalSection
EndGlobal
